
Microsoft Visual Studio Solution File, Format Version 12.00
# Visual Studio 15
VisualStudioVersion = 15.0.27130.2010
MinimumVisualStudioVersion = 10.0.40219.1
Project("{FAE04EC0-301F-11D3-BF4B-00C04F79EFBC}") = "IBx.Android", "IBx\IBx.Android\IBx.Android.csproj", "{84D4713B-2AC2-499D-8B3A-17CCA7655F3F}"
EndProject
Project("{FAE04EC0-301F-11D3-BF4B-00C04F79EFBC}") = "IBx.iOS", "IBx\IBx.iOS\IBx.iOS.csproj", "{864A6125-F4FA-4034-8FC6-D14A473EA99F}"
EndProject
Project("{FAE04EC0-301F-11D3-BF4B-00C04F79EFBC}") = "IBx.UWP", "IBx\IBx.UWP\IBx.UWP.csproj", "{D3E5C712-14D6-4C13-91CF-7A6CCFF55EC8}"
EndProject
Project("{D954291E-2A0B-460D-934E-DC6B0785DB48}") = "IBx", "IBx\IBx\IBx.shproj", "{EA73FCF1-4854-47FF-BE7A-9A8376F10AFA}"
EndProject
Global
	GlobalSection(SharedMSBuildProjectFiles) = preSolution
		IBx\IBx\IBx.projitems*{84d4713b-2ac2-499d-8b3a-17cca7655f3f}*SharedItemsImports = 4
		IBx\IBx\IBx.projitems*{864a6125-f4fa-4034-8fc6-d14a473ea99f}*SharedItemsImports = 4
		IBx\IBx\IBx.projitems*{d3e5c712-14d6-4c13-91cf-7a6ccff55ec8}*SharedItemsImports = 4
		IBx\IBx\IBx.projitems*{ea73fcf1-4854-47ff-be7a-9a8376f10afa}*SharedItemsImports = 13
	EndGlobalSection
	GlobalSection(SolutionConfigurationPlatforms) = preSolution
		Ad-Hoc|Any CPU = Ad-Hoc|Any CPU
		Ad-Hoc|ARM = Ad-Hoc|ARM
		Ad-Hoc|iPhone = Ad-Hoc|iPhone
		Ad-Hoc|iPhoneSimulator = Ad-Hoc|iPhoneSimulator
		Ad-Hoc|x64 = Ad-Hoc|x64
		Ad-Hoc|x86 = Ad-Hoc|x86
		AppStore|Any CPU = AppStore|Any CPU
		AppStore|ARM = AppStore|ARM
		AppStore|iPhone = AppStore|iPhone
		AppStore|iPhoneSimulator = AppStore|iPhoneSimulator
		AppStore|x64 = AppStore|x64
		AppStore|x86 = AppStore|x86
		Debug|Any CPU = Debug|Any CPU
		Debug|ARM = Debug|ARM
		Debug|iPhone = Debug|iPhone
		Debug|iPhoneSimulator = Debug|iPhoneSimulator
		Debug|x64 = Debug|x64
		Debug|x86 = Debug|x86
		Release|Any CPU = Release|Any CPU
		Release|ARM = Release|ARM
		Release|iPhone = Release|iPhone
		Release|iPhoneSimulator = Release|iPhoneSimulator
		Release|x64 = Release|x64
		Release|x86 = Release|x86
	EndGlobalSection
	GlobalSection(ProjectConfigurationPlatforms) = postSolution
		{84D4713B-2AC2-499D-8B3A-17CCA7655F3F}.Ad-Hoc|Any CPU.ActiveCfg = Release|Any CPU
		{84D4713B-2AC2-499D-8B3A-17CCA7655F3F}.Ad-Hoc|Any CPU.Build.0 = Release|Any CPU
		{84D4713B-2AC2-499D-8B3A-17CCA7655F3F}.Ad-Hoc|Any CPU.Deploy.0 = Release|Any CPU
		{84D4713B-2AC2-499D-8B3A-17CCA7655F3F}.Ad-Hoc|ARM.ActiveCfg = Release|Any CPU
		{84D4713B-2AC2-499D-8B3A-17CCA7655F3F}.Ad-Hoc|ARM.Build.0 = Release|Any CPU
		{84D4713B-2AC2-499D-8B3A-17CCA7655F3F}.Ad-Hoc|ARM.Deploy.0 = Release|Any CPU
		{84D4713B-2AC2-499D-8B3A-17CCA7655F3F}.Ad-Hoc|iPhone.ActiveCfg = Release|Any CPU
		{84D4713B-2AC2-499D-8B3A-17CCA7655F3F}.Ad-Hoc|iPhone.Build.0 = Release|Any CPU
		{84D4713B-2AC2-499D-8B3A-17CCA7655F3F}.Ad-Hoc|iPhone.Deploy.0 = Release|Any CPU
		{84D4713B-2AC2-499D-8B3A-17CCA7655F3F}.Ad-Hoc|iPhoneSimulator.ActiveCfg = Release|Any CPU
		{84D4713B-2AC2-499D-8B3A-17CCA7655F3F}.Ad-Hoc|iPhoneSimulator.Build.0 = Release|Any CPU
		{84D4713B-2AC2-499D-8B3A-17CCA7655F3F}.Ad-Hoc|iPhoneSimulator.Deploy.0 = Release|Any CPU
		{84D4713B-2AC2-499D-8B3A-17CCA7655F3F}.Ad-Hoc|x64.ActiveCfg = Release|Any CPU
		{84D4713B-2AC2-499D-8B3A-17CCA7655F3F}.Ad-Hoc|x64.Build.0 = Release|Any CPU
		{84D4713B-2AC2-499D-8B3A-17CCA7655F3F}.Ad-Hoc|x64.Deploy.0 = Release|Any CPU
		{84D4713B-2AC2-499D-8B3A-17CCA7655F3F}.Ad-Hoc|x86.ActiveCfg = Release|Any CPU
		{84D4713B-2AC2-499D-8B3A-17CCA7655F3F}.Ad-Hoc|x86.Build.0 = Release|Any CPU
		{84D4713B-2AC2-499D-8B3A-17CCA7655F3F}.Ad-Hoc|x86.Deploy.0 = Release|Any CPU
		{84D4713B-2AC2-499D-8B3A-17CCA7655F3F}.AppStore|Any CPU.ActiveCfg = Release|Any CPU
		{84D4713B-2AC2-499D-8B3A-17CCA7655F3F}.AppStore|Any CPU.Build.0 = Release|Any CPU
		{84D4713B-2AC2-499D-8B3A-17CCA7655F3F}.AppStore|Any CPU.Deploy.0 = Release|Any CPU
		{84D4713B-2AC2-499D-8B3A-17CCA7655F3F}.AppStore|ARM.ActiveCfg = Release|Any CPU
		{84D4713B-2AC2-499D-8B3A-17CCA7655F3F}.AppStore|ARM.Build.0 = Release|Any CPU
		{84D4713B-2AC2-499D-8B3A-17CCA7655F3F}.AppStore|ARM.Deploy.0 = Release|Any CPU
		{84D4713B-2AC2-499D-8B3A-17CCA7655F3F}.AppStore|iPhone.ActiveCfg = Release|Any CPU
		{84D4713B-2AC2-499D-8B3A-17CCA7655F3F}.AppStore|iPhone.Build.0 = Release|Any CPU
		{84D4713B-2AC2-499D-8B3A-17CCA7655F3F}.AppStore|iPhone.Deploy.0 = Release|Any CPU
		{84D4713B-2AC2-499D-8B3A-17CCA7655F3F}.AppStore|iPhoneSimulator.ActiveCfg = Release|Any CPU
		{84D4713B-2AC2-499D-8B3A-17CCA7655F3F}.AppStore|iPhoneSimulator.Build.0 = Release|Any CPU
		{84D4713B-2AC2-499D-8B3A-17CCA7655F3F}.AppStore|iPhoneSimulator.Deploy.0 = Release|Any CPU
		{84D4713B-2AC2-499D-8B3A-17CCA7655F3F}.AppStore|x64.ActiveCfg = Release|Any CPU
		{84D4713B-2AC2-499D-8B3A-17CCA7655F3F}.AppStore|x64.Build.0 = Release|Any CPU
		{84D4713B-2AC2-499D-8B3A-17CCA7655F3F}.AppStore|x64.Deploy.0 = Release|Any CPU
		{84D4713B-2AC2-499D-8B3A-17CCA7655F3F}.AppStore|x86.ActiveCfg = Release|Any CPU
		{84D4713B-2AC2-499D-8B3A-17CCA7655F3F}.AppStore|x86.Build.0 = Release|Any CPU
		{84D4713B-2AC2-499D-8B3A-17CCA7655F3F}.AppStore|x86.Deploy.0 = Release|Any CPU
		{84D4713B-2AC2-499D-8B3A-17CCA7655F3F}.Debug|Any CPU.ActiveCfg = Debug|Any CPU
		{84D4713B-2AC2-499D-8B3A-17CCA7655F3F}.Debug|Any CPU.Build.0 = Debug|Any CPU
		{84D4713B-2AC2-499D-8B3A-17CCA7655F3F}.Debug|Any CPU.Deploy.0 = Debug|Any CPU
		{84D4713B-2AC2-499D-8B3A-17CCA7655F3F}.Debug|ARM.ActiveCfg = Debug|Any CPU
		{84D4713B-2AC2-499D-8B3A-17CCA7655F3F}.Debug|ARM.Build.0 = Debug|Any CPU
		{84D4713B-2AC2-499D-8B3A-17CCA7655F3F}.Debug|ARM.Deploy.0 = Debug|Any CPU
		{84D4713B-2AC2-499D-8B3A-17CCA7655F3F}.Debug|iPhone.ActiveCfg = Debug|Any CPU
		{84D4713B-2AC2-499D-8B3A-17CCA7655F3F}.Debug|iPhone.Build.0 = Debug|Any CPU
		{84D4713B-2AC2-499D-8B3A-17CCA7655F3F}.Debug|iPhone.Deploy.0 = Debug|Any CPU
		{84D4713B-2AC2-499D-8B3A-17CCA7655F3F}.Debug|iPhoneSimulator.ActiveCfg = Debug|Any CPU
		{84D4713B-2AC2-499D-8B3A-17CCA7655F3F}.Debug|iPhoneSimulator.Build.0 = Debug|Any CPU
		{84D4713B-2AC2-499D-8B3A-17CCA7655F3F}.Debug|iPhoneSimulator.Deploy.0 = Debug|Any CPU
		{84D4713B-2AC2-499D-8B3A-17CCA7655F3F}.Debug|x64.ActiveCfg = Debug|Any CPU
		{84D4713B-2AC2-499D-8B3A-17CCA7655F3F}.Debug|x64.Build.0 = Debug|Any CPU
		{84D4713B-2AC2-499D-8B3A-17CCA7655F3F}.Debug|x64.Deploy.0 = Debug|Any CPU
		{84D4713B-2AC2-499D-8B3A-17CCA7655F3F}.Debug|x86.ActiveCfg = Debug|Any CPU
		{84D4713B-2AC2-499D-8B3A-17CCA7655F3F}.Debug|x86.Build.0 = Debug|Any CPU
		{84D4713B-2AC2-499D-8B3A-17CCA7655F3F}.Debug|x86.Deploy.0 = Debug|Any CPU
		{84D4713B-2AC2-499D-8B3A-17CCA7655F3F}.Release|Any CPU.ActiveCfg = Release|Any CPU
		{84D4713B-2AC2-499D-8B3A-17CCA7655F3F}.Release|Any CPU.Build.0 = Release|Any CPU
		{84D4713B-2AC2-499D-8B3A-17CCA7655F3F}.Release|Any CPU.Deploy.0 = Release|Any CPU
		{84D4713B-2AC2-499D-8B3A-17CCA7655F3F}.Release|ARM.ActiveCfg = Release|Any CPU
		{84D4713B-2AC2-499D-8B3A-17CCA7655F3F}.Release|ARM.Build.0 = Release|Any CPU
		{84D4713B-2AC2-499D-8B3A-17CCA7655F3F}.Release|ARM.Deploy.0 = Release|Any CPU
		{84D4713B-2AC2-499D-8B3A-17CCA7655F3F}.Release|iPhone.ActiveCfg = Release|Any CPU
		{84D4713B-2AC2-499D-8B3A-17CCA7655F3F}.Release|iPhone.Build.0 = Release|Any CPU
		{84D4713B-2AC2-499D-8B3A-17CCA7655F3F}.Release|iPhone.Deploy.0 = Release|Any CPU
		{84D4713B-2AC2-499D-8B3A-17CCA7655F3F}.Release|iPhoneSimulator.ActiveCfg = Release|Any CPU
		{84D4713B-2AC2-499D-8B3A-17CCA7655F3F}.Release|iPhoneSimulator.Build.0 = Release|Any CPU
		{84D4713B-2AC2-499D-8B3A-17CCA7655F3F}.Release|iPhoneSimulator.Deploy.0 = Release|Any CPU
		{84D4713B-2AC2-499D-8B3A-17CCA7655F3F}.Release|x64.ActiveCfg = Release|Any CPU
		{84D4713B-2AC2-499D-8B3A-17CCA7655F3F}.Release|x64.Build.0 = Release|Any CPU
		{84D4713B-2AC2-499D-8B3A-17CCA7655F3F}.Release|x64.Deploy.0 = Release|Any CPU
		{84D4713B-2AC2-499D-8B3A-17CCA7655F3F}.Release|x86.ActiveCfg = Release|Any CPU
		{84D4713B-2AC2-499D-8B3A-17CCA7655F3F}.Release|x86.Build.0 = Release|Any CPU
		{84D4713B-2AC2-499D-8B3A-17CCA7655F3F}.Release|x86.Deploy.0 = Release|Any CPU
		{864A6125-F4FA-4034-8FC6-D14A473EA99F}.Ad-Hoc|Any CPU.ActiveCfg = Ad-Hoc|iPhone
		{864A6125-F4FA-4034-8FC6-D14A473EA99F}.Ad-Hoc|ARM.ActiveCfg = Ad-Hoc|iPhone
		{864A6125-F4FA-4034-8FC6-D14A473EA99F}.Ad-Hoc|iPhone.ActiveCfg = Ad-Hoc|iPhone
		{864A6125-F4FA-4034-8FC6-D14A473EA99F}.Ad-Hoc|iPhone.Build.0 = Ad-Hoc|iPhone
		{864A6125-F4FA-4034-8FC6-D14A473EA99F}.Ad-Hoc|iPhoneSimulator.ActiveCfg = Ad-Hoc|iPhoneSimulator
		{864A6125-F4FA-4034-8FC6-D14A473EA99F}.Ad-Hoc|iPhoneSimulator.Build.0 = Ad-Hoc|iPhoneSimulator
		{864A6125-F4FA-4034-8FC6-D14A473EA99F}.Ad-Hoc|x64.ActiveCfg = Ad-Hoc|iPhone
		{864A6125-F4FA-4034-8FC6-D14A473EA99F}.Ad-Hoc|x86.ActiveCfg = Ad-Hoc|iPhone
		{864A6125-F4FA-4034-8FC6-D14A473EA99F}.AppStore|Any CPU.ActiveCfg = AppStore|iPhone
		{864A6125-F4FA-4034-8FC6-D14A473EA99F}.AppStore|ARM.ActiveCfg = AppStore|iPhone
		{864A6125-F4FA-4034-8FC6-D14A473EA99F}.AppStore|iPhone.ActiveCfg = AppStore|iPhone
		{864A6125-F4FA-4034-8FC6-D14A473EA99F}.AppStore|iPhone.Build.0 = AppStore|iPhone
		{864A6125-F4FA-4034-8FC6-D14A473EA99F}.AppStore|iPhoneSimulator.ActiveCfg = AppStore|iPhoneSimulator
		{864A6125-F4FA-4034-8FC6-D14A473EA99F}.AppStore|iPhoneSimulator.Build.0 = AppStore|iPhoneSimulator
		{864A6125-F4FA-4034-8FC6-D14A473EA99F}.AppStore|x64.ActiveCfg = AppStore|iPhone
		{864A6125-F4FA-4034-8FC6-D14A473EA99F}.AppStore|x86.ActiveCfg = AppStore|iPhone
		{864A6125-F4FA-4034-8FC6-D14A473EA99F}.Debug|Any CPU.ActiveCfg = Debug|iPhone
		{864A6125-F4FA-4034-8FC6-D14A473EA99F}.Debug|ARM.ActiveCfg = Debug|iPhone
		{864A6125-F4FA-4034-8FC6-D14A473EA99F}.Debug|iPhone.ActiveCfg = Debug|iPhone
		{864A6125-F4FA-4034-8FC6-D14A473EA99F}.Debug|iPhone.Build.0 = Debug|iPhone
		{864A6125-F4FA-4034-8FC6-D14A473EA99F}.Debug|iPhoneSimulator.ActiveCfg = Debug|iPhoneSimulator
		{864A6125-F4FA-4034-8FC6-D14A473EA99F}.Debug|iPhoneSimulator.Build.0 = Debug|iPhoneSimulator
		{864A6125-F4FA-4034-8FC6-D14A473EA99F}.Debug|x64.ActiveCfg = Debug|iPhone
		{864A6125-F4FA-4034-8FC6-D14A473EA99F}.Debug|x86.ActiveCfg = Debug|iPhone
		{864A6125-F4FA-4034-8FC6-D14A473EA99F}.Release|Any CPU.ActiveCfg = Release|iPhone
		{864A6125-F4FA-4034-8FC6-D14A473EA99F}.Release|ARM.ActiveCfg = Release|iPhone
		{864A6125-F4FA-4034-8FC6-D14A473EA99F}.Release|iPhone.ActiveCfg = Release|iPhone
		{864A6125-F4FA-4034-8FC6-D14A473EA99F}.Release|iPhone.Build.0 = Release|iPhone
		{864A6125-F4FA-4034-8FC6-D14A473EA99F}.Release|iPhoneSimulator.ActiveCfg = Release|iPhoneSimulator
		{864A6125-F4FA-4034-8FC6-D14A473EA99F}.Release|iPhoneSimulator.Build.0 = Release|iPhoneSimulator
		{864A6125-F4FA-4034-8FC6-D14A473EA99F}.Release|x64.ActiveCfg = Release|iPhone
		{864A6125-F4FA-4034-8FC6-D14A473EA99F}.Release|x86.ActiveCfg = Release|iPhone
		{D3E5C712-14D6-4C13-91CF-7A6CCFF55EC8}.Ad-Hoc|Any CPU.ActiveCfg = Release|x86
		{D3E5C712-14D6-4C13-91CF-7A6CCFF55EC8}.Ad-Hoc|Any CPU.Build.0 = Release|x86
		{D3E5C712-14D6-4C13-91CF-7A6CCFF55EC8}.Ad-Hoc|Any CPU.Deploy.0 = Release|x86
		{D3E5C712-14D6-4C13-91CF-7A6CCFF55EC8}.Ad-Hoc|ARM.ActiveCfg = Release|ARM
		{D3E5C712-14D6-4C13-91CF-7A6CCFF55EC8}.Ad-Hoc|ARM.Build.0 = Release|ARM
		{D3E5C712-14D6-4C13-91CF-7A6CCFF55EC8}.Ad-Hoc|ARM.Deploy.0 = Release|ARM
		{D3E5C712-14D6-4C13-91CF-7A6CCFF55EC8}.Ad-Hoc|iPhone.ActiveCfg = Release|x86
		{D3E5C712-14D6-4C13-91CF-7A6CCFF55EC8}.Ad-Hoc|iPhone.Build.0 = Release|x86
		{D3E5C712-14D6-4C13-91CF-7A6CCFF55EC8}.Ad-Hoc|iPhone.Deploy.0 = Release|x86
		{D3E5C712-14D6-4C13-91CF-7A6CCFF55EC8}.Ad-Hoc|iPhoneSimulator.ActiveCfg = Release|x86
		{D3E5C712-14D6-4C13-91CF-7A6CCFF55EC8}.Ad-Hoc|iPhoneSimulator.Build.0 = Release|x86
		{D3E5C712-14D6-4C13-91CF-7A6CCFF55EC8}.Ad-Hoc|iPhoneSimulator.Deploy.0 = Release|x86
		{D3E5C712-14D6-4C13-91CF-7A6CCFF55EC8}.Ad-Hoc|x64.ActiveCfg = Release|x64
		{D3E5C712-14D6-4C13-91CF-7A6CCFF55EC8}.Ad-Hoc|x64.Build.0 = Release|x64
		{D3E5C712-14D6-4C13-91CF-7A6CCFF55EC8}.Ad-Hoc|x64.Deploy.0 = Release|x64
		{D3E5C712-14D6-4C13-91CF-7A6CCFF55EC8}.Ad-Hoc|x86.ActiveCfg = Release|x86
		{D3E5C712-14D6-4C13-91CF-7A6CCFF55EC8}.Ad-Hoc|x86.Build.0 = Release|x86
		{D3E5C712-14D6-4C13-91CF-7A6CCFF55EC8}.Ad-Hoc|x86.Deploy.0 = Release|x86
		{D3E5C712-14D6-4C13-91CF-7A6CCFF55EC8}.AppStore|Any CPU.ActiveCfg = Release|x86
		{D3E5C712-14D6-4C13-91CF-7A6CCFF55EC8}.AppStore|Any CPU.Build.0 = Release|x86
		{D3E5C712-14D6-4C13-91CF-7A6CCFF55EC8}.AppStore|Any CPU.Deploy.0 = Release|x86
		{D3E5C712-14D6-4C13-91CF-7A6CCFF55EC8}.AppStore|ARM.ActiveCfg = Release|ARM
		{D3E5C712-14D6-4C13-91CF-7A6CCFF55EC8}.AppStore|ARM.Build.0 = Release|ARM
		{D3E5C712-14D6-4C13-91CF-7A6CCFF55EC8}.AppStore|ARM.Deploy.0 = Release|ARM
		{D3E5C712-14D6-4C13-91CF-7A6CCFF55EC8}.AppStore|iPhone.ActiveCfg = Release|x86
		{D3E5C712-14D6-4C13-91CF-7A6CCFF55EC8}.AppStore|iPhone.Build.0 = Release|x86
		{D3E5C712-14D6-4C13-91CF-7A6CCFF55EC8}.AppStore|iPhone.Deploy.0 = Release|x86
		{D3E5C712-14D6-4C13-91CF-7A6CCFF55EC8}.AppStore|iPhoneSimulator.ActiveCfg = Release|x86
		{D3E5C712-14D6-4C13-91CF-7A6CCFF55EC8}.AppStore|iPhoneSimulator.Build.0 = Release|x86
		{D3E5C712-14D6-4C13-91CF-7A6CCFF55EC8}.AppStore|iPhoneSimulator.Deploy.0 = Release|x86
		{D3E5C712-14D6-4C13-91CF-7A6CCFF55EC8}.AppStore|x64.ActiveCfg = Release|x64
		{D3E5C712-14D6-4C13-91CF-7A6CCFF55EC8}.AppStore|x64.Build.0 = Release|x64
		{D3E5C712-14D6-4C13-91CF-7A6CCFF55EC8}.AppStore|x64.Deploy.0 = Release|x64
		{D3E5C712-14D6-4C13-91CF-7A6CCFF55EC8}.AppStore|x86.ActiveCfg = Release|x86
		{D3E5C712-14D6-4C13-91CF-7A6CCFF55EC8}.AppStore|x86.Build.0 = Release|x86
		{D3E5C712-14D6-4C13-91CF-7A6CCFF55EC8}.AppStore|x86.Deploy.0 = Release|x86
		{D3E5C712-14D6-4C13-91CF-7A6CCFF55EC8}.Debug|Any CPU.ActiveCfg = Debug|x86
		{D3E5C712-14D6-4C13-91CF-7A6CCFF55EC8}.Debug|ARM.ActiveCfg = Debug|ARM
		{D3E5C712-14D6-4C13-91CF-7A6CCFF55EC8}.Debug|ARM.Build.0 = Debug|ARM
		{D3E5C712-14D6-4C13-91CF-7A6CCFF55EC8}.Debug|ARM.Deploy.0 = Debug|ARM
		{D3E5C712-14D6-4C13-91CF-7A6CCFF55EC8}.Debug|iPhone.ActiveCfg = Debug|x86
		{D3E5C712-14D6-4C13-91CF-7A6CCFF55EC8}.Debug|iPhoneSimulator.ActiveCfg = Debug|x86
		{D3E5C712-14D6-4C13-91CF-7A6CCFF55EC8}.Debug|x64.ActiveCfg = Debug|x64
		{D3E5C712-14D6-4C13-91CF-7A6CCFF55EC8}.Debug|x64.Build.0 = Debug|x64
		{D3E5C712-14D6-4C13-91CF-7A6CCFF55EC8}.Debug|x64.Deploy.0 = Debug|x64
		{D3E5C712-14D6-4C13-91CF-7A6CCFF55EC8}.Debug|x86.ActiveCfg = Debug|x86
		{D3E5C712-14D6-4C13-91CF-7A6CCFF55EC8}.Debug|x86.Build.0 = Debug|x86
		{D3E5C712-14D6-4C13-91CF-7A6CCFF55EC8}.Debug|x86.Deploy.0 = Debug|x86
		{D3E5C712-14D6-4C13-91CF-7A6CCFF55EC8}.Release|Any CPU.ActiveCfg = Release|x86
		{D3E5C712-14D6-4C13-91CF-7A6CCFF55EC8}.Release|ARM.ActiveCfg = Release|ARM
		{D3E5C712-14D6-4C13-91CF-7A6CCFF55EC8}.Release|ARM.Build.0 = Release|ARM
		{D3E5C712-14D6-4C13-91CF-7A6CCFF55EC8}.Release|ARM.Deploy.0 = Release|ARM
		{D3E5C712-14D6-4C13-91CF-7A6CCFF55EC8}.Release|iPhone.ActiveCfg = Release|x86
		{D3E5C712-14D6-4C13-91CF-7A6CCFF55EC8}.Release|iPhoneSimulator.ActiveCfg = Release|x86
		{D3E5C712-14D6-4C13-91CF-7A6CCFF55EC8}.Release|x64.ActiveCfg = Release|x64
		{D3E5C712-14D6-4C13-91CF-7A6CCFF55EC8}.Release|x64.Build.0 = Release|x64
		{D3E5C712-14D6-4C13-91CF-7A6CCFF55EC8}.Release|x64.Deploy.0 = Release|x64
		{D3E5C712-14D6-4C13-91CF-7A6CCFF55EC8}.Release|x86.ActiveCfg = Release|x86
		{D3E5C712-14D6-4C13-91CF-7A6CCFF55EC8}.Release|x86.Build.0 = Release|x86
		{D3E5C712-14D6-4C13-91CF-7A6CCFF55EC8}.Release|x86.Deploy.0 = Release|x86
	EndGlobalSection
	GlobalSection(SolutionProperties) = preSolution
		HideSolutionNode = FALSE
	EndGlobalSection
	GlobalSection(ExtensibilityGlobals) = postSolution
		SolutionGuid = {97B0FCF6-BB13-4710-BA1F-DFA0C0AF73CF}
	EndGlobalSection
EndGlobal
